
Microsoft Visual Studio Solution File, Format Version 12.00
# Visual Studio Version 16
VisualStudioVersion = 16.0.31205.134
MinimumVisualStudioVersion = 10.0.40219.1
Project("{FAE04EC0-301F-11D3-BF4B-00C04F79EFBC}") = "MessageBrokerServer", "MessageBrokerServer\MessageBrokerServer.csproj", "{B4BD5F6E-0152-4EF9-BFBA-6F8FD39DDA2C}"
EndProject
Project("{FAE04EC0-301F-11D3-BF4B-00C04F79EFBC}") = "MessageBrokerClient", "MessageBrokerClient\MessageBrokerClient.csproj", "{1266C55A-40A2-479E-994E-F05227532DDB}"
EndProject
Project("{FAE04EC0-301F-11D3-BF4B-00C04F79EFBC}") = "WinFormsClient", "WinFormsClient\WinFormsClient.csproj", "{1DCD04BD-7625-4599-B3F2-9EDFB5A9B67D}"
EndProject
Global
	GlobalSection(SolutionConfigurationPlatforms) = preSolution
		Debug|Any CPU = Debug|Any CPU
		Release|Any CPU = Release|Any CPU
	EndGlobalSection
	GlobalSection(ProjectConfigurationPlatforms) = postSolution
		{B4BD5F6E-0152-4EF9-BFBA-6F8FD39DDA2C}.Debug|Any CPU.ActiveCfg = Debug|Any CPU
		{B4BD5F6E-0152-4EF9-BFBA-6F8FD39DDA2C}.Debug|Any CPU.Build.0 = Debug|Any CPU
		{B4BD5F6E-0152-4EF9-BFBA-6F8FD39DDA2C}.Release|Any CPU.ActiveCfg = Release|Any CPU
		{B4BD5F6E-0152-4EF9-BFBA-6F8FD39DDA2C}.Release|Any CPU.Build.0 = Release|Any CPU
		{1266C55A-40A2-479E-994E-F05227532DDB}.Debug|Any CPU.ActiveCfg = Debug|Any CPU
		{1266C55A-40A2-479E-994E-F05227532DDB}.Debug|Any CPU.Build.0 = Debug|Any CPU
		{1266C55A-40A2-479E-994E-F05227532DDB}.Release|Any CPU.ActiveCfg = Release|Any CPU
		{1266C55A-40A2-479E-994E-F05227532DDB}.Release|Any CPU.Build.0 = Release|Any CPU
		{1DCD04BD-7625-4599-B3F2-9EDFB5A9B67D}.Debug|Any CPU.ActiveCfg = Debug|Any CPU
		{1DCD04BD-7625-4599-B3F2-9EDFB5A9B67D}.Debug|Any CPU.Build.0 = Debug|Any CPU
		{1DCD04BD-7625-4599-B3F2-9EDFB5A9B67D}.Release|Any CPU.ActiveCfg = Release|Any CPU
		{1DCD04BD-7625-4599-B3F2-9EDFB5A9B67D}.Release|Any CPU.Build.0 = Release|Any CPU
	EndGlobalSection
	GlobalSection(SolutionProperties) = preSolution
		HideSolutionNode = FALSE
	EndGlobalSection
	GlobalSection(ExtensibilityGlobals) = postSolution
		SolutionGuid = {96F5277F-F2F7-4219-B044-5B9555FFA720}
	EndGlobalSection
EndGlobal
